
Microsoft Visual Studio Solution File, Format Version 12.00
# Visual Studio Version 17
VisualStudioVersion = 17.12.35521.163 d17.12
MinimumVisualStudioVersion = 10.0.40219.1
Project("{FAE04EC0-301F-11D3-BF4B-00C04F79EFBC}") = "wot-stats.WebApi", "wot-stats.WebApi\wot-stats.WebApi.csproj", "{41680E15-D098-43C8-90C4-FBB2F93D8870}"
EndProject
Project("{FAE04EC0-301F-11D3-BF4B-00C04F79EFBC}") = "wot-stats.Application", "wot-stats.Application\wot-stats.Application.csproj", "{37EED5A1-28C5-4DA4-BB79-6B2C5BE0231A}"
EndProject
Project("{FAE04EC0-301F-11D3-BF4B-00C04F79EFBC}") = "wot-stats.Domain", "wot-stats.Domain\wot-stats.Domain.csproj", "{29E51CB6-9D25-4104-833E-22CFAB5139A2}"
EndProject
Project("{FAE04EC0-301F-11D3-BF4B-00C04F79EFBC}") = "wot-stats.Persistence", "wot-stats.Persistence\wot-stats.Persistence.csproj", "{3EF26E56-6E20-4718-9FA7-93093C664C0C}"
EndProject
Project("{FAE04EC0-301F-11D3-BF4B-00C04F79EFBC}") = "wot-stats.Tests", "wot-stats.Tests\wot-stats.Tests.csproj", "{241B2470-104D-4D88-8562-E09BF44BDE96}"
EndProject
Global
	GlobalSection(SolutionConfigurationPlatforms) = preSolution
		Debug|Any CPU = Debug|Any CPU
		Release|Any CPU = Release|Any CPU
	EndGlobalSection
	GlobalSection(ProjectConfigurationPlatforms) = postSolution
		{41680E15-D098-43C8-90C4-FBB2F93D8870}.Debug|Any CPU.ActiveCfg = Debug|Any CPU
		{41680E15-D098-43C8-90C4-FBB2F93D8870}.Debug|Any CPU.Build.0 = Debug|Any CPU
		{41680E15-D098-43C8-90C4-FBB2F93D8870}.Release|Any CPU.ActiveCfg = Release|Any CPU
		{41680E15-D098-43C8-90C4-FBB2F93D8870}.Release|Any CPU.Build.0 = Release|Any CPU
		{37EED5A1-28C5-4DA4-BB79-6B2C5BE0231A}.Debug|Any CPU.ActiveCfg = Debug|Any CPU
		{37EED5A1-28C5-4DA4-BB79-6B2C5BE0231A}.Debug|Any CPU.Build.0 = Debug|Any CPU
		{37EED5A1-28C5-4DA4-BB79-6B2C5BE0231A}.Release|Any CPU.ActiveCfg = Release|Any CPU
		{37EED5A1-28C5-4DA4-BB79-6B2C5BE0231A}.Release|Any CPU.Build.0 = Release|Any CPU
		{29E51CB6-9D25-4104-833E-22CFAB5139A2}.Debug|Any CPU.ActiveCfg = Debug|Any CPU
		{29E51CB6-9D25-4104-833E-22CFAB5139A2}.Debug|Any CPU.Build.0 = Debug|Any CPU
		{29E51CB6-9D25-4104-833E-22CFAB5139A2}.Release|Any CPU.ActiveCfg = Release|Any CPU
		{29E51CB6-9D25-4104-833E-22CFAB5139A2}.Release|Any CPU.Build.0 = Release|Any CPU
		{3EF26E56-6E20-4718-9FA7-93093C664C0C}.Debug|Any CPU.ActiveCfg = Debug|Any CPU
		{3EF26E56-6E20-4718-9FA7-93093C664C0C}.Debug|Any CPU.Build.0 = Debug|Any CPU
		{3EF26E56-6E20-4718-9FA7-93093C664C0C}.Release|Any CPU.ActiveCfg = Release|Any CPU
		{3EF26E56-6E20-4718-9FA7-93093C664C0C}.Release|Any CPU.Build.0 = Release|Any CPU
		{241B2470-104D-4D88-8562-E09BF44BDE96}.Debug|Any CPU.ActiveCfg = Debug|Any CPU
		{241B2470-104D-4D88-8562-E09BF44BDE96}.Debug|Any CPU.Build.0 = Debug|Any CPU
		{241B2470-104D-4D88-8562-E09BF44BDE96}.Release|Any CPU.ActiveCfg = Release|Any CPU
		{241B2470-104D-4D88-8562-E09BF44BDE96}.Release|Any CPU.Build.0 = Release|Any CPU
	EndGlobalSection
	GlobalSection(SolutionProperties) = preSolution
		HideSolutionNode = FALSE
	EndGlobalSection
EndGlobal
